
Microsoft Visual Studio Solution File, Format Version 12.00
# Visual Studio Version 16
VisualStudioVersion = 16.0.30320.27
MinimumVisualStudioVersion = 10.0.40219.1
Project("{FAE04EC0-301F-11D3-BF4B-00C04F79EFBC}") = "WebLinkTrades", "WebLinkTrades\WebLinkTrades.csproj", "{6F864373-A034-4CF6-A37D-4F7D76081C88}"
EndProject
Global
	GlobalSection(SolutionConfigurationPlatforms) = preSolution
		Debug|Any CPU = Debug|Any CPU
		Release|Any CPU = Release|Any CPU
	EndGlobalSection
	GlobalSection(ProjectConfigurationPlatforms) = postSolution
		{6F864373-A034-4CF6-A37D-4F7D76081C88}.Debug|Any CPU.ActiveCfg = Debug|Any CPU
		{6F864373-A034-4CF6-A37D-4F7D76081C88}.Debug|Any CPU.Build.0 = Debug|Any CPU
		{6F864373-A034-4CF6-A37D-4F7D76081C88}.Release|Any CPU.ActiveCfg = Release|Any CPU
		{6F864373-A034-4CF6-A37D-4F7D76081C88}.Release|Any CPU.Build.0 = Release|Any CPU
	EndGlobalSection
	GlobalSection(SolutionProperties) = preSolution
		HideSolutionNode = FALSE
	EndGlobalSection
	GlobalSection(ExtensibilityGlobals) = postSolution
		SolutionGuid = {32BF8BC1-F18C-49DE-8F78-7C67A4B214AF}
	EndGlobalSection
EndGlobal
